
Microsoft Visual Studio Solution File, Format Version 12.00
# Visual Studio Version 17
VisualStudioVersion = 17.8.34330.188
MinimumVisualStudioVersion = 10.0.40219.1
Project("{FAE04EC0-301F-11D3-BF4B-00C04F79EFBC}") = "Snake Game", "Snake Game\Snake Game.csproj", "{24DD56D7-255A-4141-A91D-BA8D6B516E1D}"
EndProject
Global
	GlobalSection(SolutionConfigurationPlatforms) = preSolution
		Debug|Any CPU = Debug|Any CPU
		Release|Any CPU = Release|Any CPU
	EndGlobalSection
	GlobalSection(ProjectConfigurationPlatforms) = postSolution
		{24DD56D7-255A-4141-A91D-BA8D6B516E1D}.Debug|Any CPU.ActiveCfg = Debug|Any CPU
		{24DD56D7-255A-4141-A91D-BA8D6B516E1D}.Debug|Any CPU.Build.0 = Debug|Any CPU
		{24DD56D7-255A-4141-A91D-BA8D6B516E1D}.Release|Any CPU.ActiveCfg = Release|Any CPU
		{24DD56D7-255A-4141-A91D-BA8D6B516E1D}.Release|Any CPU.Build.0 = Release|Any CPU
	EndGlobalSection
	GlobalSection(SolutionProperties) = preSolution
		HideSolutionNode = FALSE
	EndGlobalSection
	GlobalSection(ExtensibilityGlobals) = postSolution
		SolutionGuid = {40D357D6-81AA-4CA6-8A1A-2DF7BABAF0C1}
	EndGlobalSection
EndGlobal
